
Microsoft Visual Studio Solution File, Format Version 12.00
# Visual Studio 15
VisualStudioVersion = 15.0.26124.0
MinimumVisualStudioVersion = 15.0.26124.0
Project("{2150E333-8FDC-42A3-9474-1A3956D46DE8}") = "src", "src", "{03AECB2C-FE79-4798-9014-E0B8C57C46EE}"
EndProject
Project("{FAE04EC0-301F-11D3-BF4B-00C04F79EFBC}") = "EloRating.Core", "src\EloRating.Core\EloRating.Core.csproj", "{56222FF8-AEA2-46D7-A487-2ABA32C47F5D}"
EndProject
Project("{FAE04EC0-301F-11D3-BF4B-00C04F79EFBC}") = "EloRating.Infrastructure", "src\EloRating.Infrastructure\EloRating.Infrastructure.csproj", "{AA390DCF-DFD2-4BFA-87F0-D4D553BE2DA9}"
EndProject
Project("{FAE04EC0-301F-11D3-BF4B-00C04F79EFBC}") = "EloRating.API", "src\EloRating.API\EloRating.API.csproj", "{B044DFB6-359A-40C0-88B7-AD025F1D1D1F}"
EndProject
Project("{FAE04EC0-301F-11D3-BF4B-00C04F79EFBC}") = "EloRating.SPA", "src\EloRating.SPA\EloRating.SPA.csproj", "{5B841459-025C-4038-8282-ADA77C65E747}"
EndProject
Project("{2150E333-8FDC-42A3-9474-1A3956D46DE8}") = "test", "test", "{B1282AC2-B285-4E72-BFF1-7D60DA04CE15}"
EndProject
Project("{FAE04EC0-301F-11D3-BF4B-00C04F79EFBC}") = "IntegrationTests", "test\IntegrationTests\IntegrationTests.csproj", "{FF786B39-7B55-4B5A-931A-FEB50221E676}"
EndProject
Project("{FAE04EC0-301F-11D3-BF4B-00C04F79EFBC}") = "UnitTests", "test\UnitTests\UnitTests.csproj", "{F22736B8-5F88-42B1-963F-9FA23382CD8B}"
EndProject
Global
	GlobalSection(SolutionConfigurationPlatforms) = preSolution
		Debug|Any CPU = Debug|Any CPU
		Debug|x64 = Debug|x64
		Debug|x86 = Debug|x86
		Release|Any CPU = Release|Any CPU
		Release|x64 = Release|x64
		Release|x86 = Release|x86
	EndGlobalSection
	GlobalSection(SolutionProperties) = preSolution
		HideSolutionNode = FALSE
	EndGlobalSection
	GlobalSection(ProjectConfigurationPlatforms) = postSolution
		{56222FF8-AEA2-46D7-A487-2ABA32C47F5D}.Debug|Any CPU.ActiveCfg = Debug|Any CPU
		{56222FF8-AEA2-46D7-A487-2ABA32C47F5D}.Debug|Any CPU.Build.0 = Debug|Any CPU
		{56222FF8-AEA2-46D7-A487-2ABA32C47F5D}.Debug|x64.ActiveCfg = Debug|Any CPU
		{56222FF8-AEA2-46D7-A487-2ABA32C47F5D}.Debug|x64.Build.0 = Debug|Any CPU
		{56222FF8-AEA2-46D7-A487-2ABA32C47F5D}.Debug|x86.ActiveCfg = Debug|Any CPU
		{56222FF8-AEA2-46D7-A487-2ABA32C47F5D}.Debug|x86.Build.0 = Debug|Any CPU
		{56222FF8-AEA2-46D7-A487-2ABA32C47F5D}.Release|Any CPU.ActiveCfg = Release|Any CPU
		{56222FF8-AEA2-46D7-A487-2ABA32C47F5D}.Release|Any CPU.Build.0 = Release|Any CPU
		{56222FF8-AEA2-46D7-A487-2ABA32C47F5D}.Release|x64.ActiveCfg = Release|Any CPU
		{56222FF8-AEA2-46D7-A487-2ABA32C47F5D}.Release|x64.Build.0 = Release|Any CPU
		{56222FF8-AEA2-46D7-A487-2ABA32C47F5D}.Release|x86.ActiveCfg = Release|Any CPU
		{56222FF8-AEA2-46D7-A487-2ABA32C47F5D}.Release|x86.Build.0 = Release|Any CPU
		{AA390DCF-DFD2-4BFA-87F0-D4D553BE2DA9}.Debug|Any CPU.ActiveCfg = Debug|Any CPU
		{AA390DCF-DFD2-4BFA-87F0-D4D553BE2DA9}.Debug|Any CPU.Build.0 = Debug|Any CPU
		{AA390DCF-DFD2-4BFA-87F0-D4D553BE2DA9}.Debug|x64.ActiveCfg = Debug|Any CPU
		{AA390DCF-DFD2-4BFA-87F0-D4D553BE2DA9}.Debug|x64.Build.0 = Debug|Any CPU
		{AA390DCF-DFD2-4BFA-87F0-D4D553BE2DA9}.Debug|x86.ActiveCfg = Debug|Any CPU
		{AA390DCF-DFD2-4BFA-87F0-D4D553BE2DA9}.Debug|x86.Build.0 = Debug|Any CPU
		{AA390DCF-DFD2-4BFA-87F0-D4D553BE2DA9}.Release|Any CPU.ActiveCfg = Release|Any CPU
		{AA390DCF-DFD2-4BFA-87F0-D4D553BE2DA9}.Release|Any CPU.Build.0 = Release|Any CPU
		{AA390DCF-DFD2-4BFA-87F0-D4D553BE2DA9}.Release|x64.ActiveCfg = Release|Any CPU
		{AA390DCF-DFD2-4BFA-87F0-D4D553BE2DA9}.Release|x64.Build.0 = Release|Any CPU
		{AA390DCF-DFD2-4BFA-87F0-D4D553BE2DA9}.Release|x86.ActiveCfg = Release|Any CPU
		{AA390DCF-DFD2-4BFA-87F0-D4D553BE2DA9}.Release|x86.Build.0 = Release|Any CPU
		{B044DFB6-359A-40C0-88B7-AD025F1D1D1F}.Debug|Any CPU.ActiveCfg = Debug|Any CPU
		{B044DFB6-359A-40C0-88B7-AD025F1D1D1F}.Debug|Any CPU.Build.0 = Debug|Any CPU
		{B044DFB6-359A-40C0-88B7-AD025F1D1D1F}.Debug|x64.ActiveCfg = Debug|Any CPU
		{B044DFB6-359A-40C0-88B7-AD025F1D1D1F}.Debug|x64.Build.0 = Debug|Any CPU
		{B044DFB6-359A-40C0-88B7-AD025F1D1D1F}.Debug|x86.ActiveCfg = Debug|Any CPU
		{B044DFB6-359A-40C0-88B7-AD025F1D1D1F}.Debug|x86.Build.0 = Debug|Any CPU
		{B044DFB6-359A-40C0-88B7-AD025F1D1D1F}.Release|Any CPU.ActiveCfg = Release|Any CPU
		{B044DFB6-359A-40C0-88B7-AD025F1D1D1F}.Release|Any CPU.Build.0 = Release|Any CPU
		{B044DFB6-359A-40C0-88B7-AD025F1D1D1F}.Release|x64.ActiveCfg = Release|Any CPU
		{B044DFB6-359A-40C0-88B7-AD025F1D1D1F}.Release|x64.Build.0 = Release|Any CPU
		{B044DFB6-359A-40C0-88B7-AD025F1D1D1F}.Release|x86.ActiveCfg = Release|Any CPU
		{B044DFB6-359A-40C0-88B7-AD025F1D1D1F}.Release|x86.Build.0 = Release|Any CPU
		{5B841459-025C-4038-8282-ADA77C65E747}.Debug|Any CPU.ActiveCfg = Debug|Any CPU
		{5B841459-025C-4038-8282-ADA77C65E747}.Debug|Any CPU.Build.0 = Debug|Any CPU
		{5B841459-025C-4038-8282-ADA77C65E747}.Debug|x64.ActiveCfg = Debug|Any CPU
		{5B841459-025C-4038-8282-ADA77C65E747}.Debug|x64.Build.0 = Debug|Any CPU
		{5B841459-025C-4038-8282-ADA77C65E747}.Debug|x86.ActiveCfg = Debug|Any CPU
		{5B841459-025C-4038-8282-ADA77C65E747}.Debug|x86.Build.0 = Debug|Any CPU
		{5B841459-025C-4038-8282-ADA77C65E747}.Release|Any CPU.ActiveCfg = Release|Any CPU
		{5B841459-025C-4038-8282-ADA77C65E747}.Release|Any CPU.Build.0 = Release|Any CPU
		{5B841459-025C-4038-8282-ADA77C65E747}.Release|x64.ActiveCfg = Release|Any CPU
		{5B841459-025C-4038-8282-ADA77C65E747}.Release|x64.Build.0 = Release|Any CPU
		{5B841459-025C-4038-8282-ADA77C65E747}.Release|x86.ActiveCfg = Release|Any CPU
		{5B841459-025C-4038-8282-ADA77C65E747}.Release|x86.Build.0 = Release|Any CPU
		{FF786B39-7B55-4B5A-931A-FEB50221E676}.Debug|Any CPU.ActiveCfg = Debug|Any CPU
		{FF786B39-7B55-4B5A-931A-FEB50221E676}.Debug|Any CPU.Build.0 = Debug|Any CPU
		{FF786B39-7B55-4B5A-931A-FEB50221E676}.Debug|x64.ActiveCfg = Debug|Any CPU
		{FF786B39-7B55-4B5A-931A-FEB50221E676}.Debug|x64.Build.0 = Debug|Any CPU
		{FF786B39-7B55-4B5A-931A-FEB50221E676}.Debug|x86.ActiveCfg = Debug|Any CPU
		{FF786B39-7B55-4B5A-931A-FEB50221E676}.Debug|x86.Build.0 = Debug|Any CPU
		{FF786B39-7B55-4B5A-931A-FEB50221E676}.Release|Any CPU.ActiveCfg = Release|Any CPU
		{FF786B39-7B55-4B5A-931A-FEB50221E676}.Release|Any CPU.Build.0 = Release|Any CPU
		{FF786B39-7B55-4B5A-931A-FEB50221E676}.Release|x64.ActiveCfg = Release|Any CPU
		{FF786B39-7B55-4B5A-931A-FEB50221E676}.Release|x64.Build.0 = Release|Any CPU
		{FF786B39-7B55-4B5A-931A-FEB50221E676}.Release|x86.ActiveCfg = Release|Any CPU
		{FF786B39-7B55-4B5A-931A-FEB50221E676}.Release|x86.Build.0 = Release|Any CPU
		{F22736B8-5F88-42B1-963F-9FA23382CD8B}.Debug|Any CPU.ActiveCfg = Debug|Any CPU
		{F22736B8-5F88-42B1-963F-9FA23382CD8B}.Debug|Any CPU.Build.0 = Debug|Any CPU
		{F22736B8-5F88-42B1-963F-9FA23382CD8B}.Debug|x64.ActiveCfg = Debug|Any CPU
		{F22736B8-5F88-42B1-963F-9FA23382CD8B}.Debug|x64.Build.0 = Debug|Any CPU
		{F22736B8-5F88-42B1-963F-9FA23382CD8B}.Debug|x86.ActiveCfg = Debug|Any CPU
		{F22736B8-5F88-42B1-963F-9FA23382CD8B}.Debug|x86.Build.0 = Debug|Any CPU
		{F22736B8-5F88-42B1-963F-9FA23382CD8B}.Release|Any CPU.ActiveCfg = Release|Any CPU
		{F22736B8-5F88-42B1-963F-9FA23382CD8B}.Release|Any CPU.Build.0 = Release|Any CPU
		{F22736B8-5F88-42B1-963F-9FA23382CD8B}.Release|x64.ActiveCfg = Release|Any CPU
		{F22736B8-5F88-42B1-963F-9FA23382CD8B}.Release|x64.Build.0 = Release|Any CPU
		{F22736B8-5F88-42B1-963F-9FA23382CD8B}.Release|x86.ActiveCfg = Release|Any CPU
		{F22736B8-5F88-42B1-963F-9FA23382CD8B}.Release|x86.Build.0 = Release|Any CPU
	EndGlobalSection
	GlobalSection(NestedProjects) = preSolution
		{56222FF8-AEA2-46D7-A487-2ABA32C47F5D} = {03AECB2C-FE79-4798-9014-E0B8C57C46EE}
		{AA390DCF-DFD2-4BFA-87F0-D4D553BE2DA9} = {03AECB2C-FE79-4798-9014-E0B8C57C46EE}
		{B044DFB6-359A-40C0-88B7-AD025F1D1D1F} = {03AECB2C-FE79-4798-9014-E0B8C57C46EE}
		{5B841459-025C-4038-8282-ADA77C65E747} = {03AECB2C-FE79-4798-9014-E0B8C57C46EE}
		{FF786B39-7B55-4B5A-931A-FEB50221E676} = {B1282AC2-B285-4E72-BFF1-7D60DA04CE15}
		{F22736B8-5F88-42B1-963F-9FA23382CD8B} = {B1282AC2-B285-4E72-BFF1-7D60DA04CE15}
	EndGlobalSection
EndGlobal
